
Microsoft Visual Studio Solution File, Format Version 12.00
# Visual Studio 15
VisualStudioVersion = 15.0.28307.489
MinimumVisualStudioVersion = 10.0.40219.1
Project("{262852C6-CD72-467D-83FE-5EEB1973A190}") = "Iroha 2.4", "Iroha 2.4.jsproj", "{54A0786F-DD02-45C2-B3D8-B4B5AACCC6AA}"
EndProject
Project("{2150E333-8FDC-42A3-9474-1A3956D46DE8}") = "Solution Items", "Solution Items", "{567FD7EB-7AF6-4FC4-B191-6AAF6839CC2B}"
	ProjectSection(SolutionItems) = preProject
		README.md = README.md
	EndProjectSection
EndProject
Project("{2150E333-8FDC-42A3-9474-1A3956D46DE8}") = "Released", "Released", "{B7C515BD-1377-46CC-AA06-624A33E4DCCC}"
	ProjectSection(SolutionItems) = preProject
		[Released]\Iroha 2.2.1.zip = [Released]\Iroha 2.2.1.zip
		[Released]\Iroha 2.3.zip = [Released]\Iroha 2.3.zip
		[Released]\Iroha 2.4.1.zip = [Released]\Iroha 2.4.1.zip
		[Released]\Iroha 2.4.2.zip = [Released]\Iroha 2.4.2.zip
		[Released]\Iroha 2.4.3.1.zip = [Released]\Iroha 2.4.3.1.zip
		[Released]\Iroha 2.4.3.zip = [Released]\Iroha 2.4.3.zip
		[Released]\Iroha 2.4.zip = [Released]\Iroha 2.4.zip
		[Released]\Iroha 2.5.0.1.zip = [Released]\Iroha 2.5.0.1.zip
		[Released]\Iroha 2.5.0.2.zip = [Released]\Iroha 2.5.0.2.zip
		[Released]\Iroha 2.5.1.zip = [Released]\Iroha 2.5.1.zip
		[Released]\Iroha 2.5.zip = [Released]\Iroha 2.5.zip
	EndProjectSection
EndProject
Global
	GlobalSection(SolutionConfigurationPlatforms) = preSolution
		Debug|Any CPU = Debug|Any CPU
		Debug|ARM = Debug|ARM
		Debug|ARM64 = Debug|ARM64
		Debug|x64 = Debug|x64
		Debug|x86 = Debug|x86
		Release|Any CPU = Release|Any CPU
		Release|ARM = Release|ARM
		Release|ARM64 = Release|ARM64
		Release|x64 = Release|x64
		Release|x86 = Release|x86
	EndGlobalSection
	GlobalSection(ProjectConfigurationPlatforms) = postSolution
		{54A0786F-DD02-45C2-B3D8-B4B5AACCC6AA}.Debug|Any CPU.ActiveCfg = Debug|Any CPU
		{54A0786F-DD02-45C2-B3D8-B4B5AACCC6AA}.Debug|Any CPU.Build.0 = Debug|Any CPU
		{54A0786F-DD02-45C2-B3D8-B4B5AACCC6AA}.Debug|Any CPU.Deploy.0 = Debug|Any CPU
		{54A0786F-DD02-45C2-B3D8-B4B5AACCC6AA}.Debug|ARM.ActiveCfg = Debug|ARM
		{54A0786F-DD02-45C2-B3D8-B4B5AACCC6AA}.Debug|ARM.Build.0 = Debug|ARM
		{54A0786F-DD02-45C2-B3D8-B4B5AACCC6AA}.Debug|ARM.Deploy.0 = Debug|ARM
		{54A0786F-DD02-45C2-B3D8-B4B5AACCC6AA}.Debug|ARM64.ActiveCfg = Debug|ARM64
		{54A0786F-DD02-45C2-B3D8-B4B5AACCC6AA}.Debug|ARM64.Build.0 = Debug|ARM64
		{54A0786F-DD02-45C2-B3D8-B4B5AACCC6AA}.Debug|ARM64.Deploy.0 = Debug|ARM64
		{54A0786F-DD02-45C2-B3D8-B4B5AACCC6AA}.Debug|x64.ActiveCfg = Debug|x64
		{54A0786F-DD02-45C2-B3D8-B4B5AACCC6AA}.Debug|x64.Build.0 = Debug|x64
		{54A0786F-DD02-45C2-B3D8-B4B5AACCC6AA}.Debug|x64.Deploy.0 = Debug|x64
		{54A0786F-DD02-45C2-B3D8-B4B5AACCC6AA}.Debug|x86.ActiveCfg = Debug|x86
		{54A0786F-DD02-45C2-B3D8-B4B5AACCC6AA}.Debug|x86.Build.0 = Debug|x86
		{54A0786F-DD02-45C2-B3D8-B4B5AACCC6AA}.Debug|x86.Deploy.0 = Debug|x86
		{54A0786F-DD02-45C2-B3D8-B4B5AACCC6AA}.Release|Any CPU.ActiveCfg = Release|Any CPU
		{54A0786F-DD02-45C2-B3D8-B4B5AACCC6AA}.Release|Any CPU.Build.0 = Release|Any CPU
		{54A0786F-DD02-45C2-B3D8-B4B5AACCC6AA}.Release|Any CPU.Deploy.0 = Release|Any CPU
		{54A0786F-DD02-45C2-B3D8-B4B5AACCC6AA}.Release|ARM.ActiveCfg = Release|ARM
		{54A0786F-DD02-45C2-B3D8-B4B5AACCC6AA}.Release|ARM.Build.0 = Release|ARM
		{54A0786F-DD02-45C2-B3D8-B4B5AACCC6AA}.Release|ARM.Deploy.0 = Release|ARM
		{54A0786F-DD02-45C2-B3D8-B4B5AACCC6AA}.Release|ARM64.ActiveCfg = Release|ARM64
		{54A0786F-DD02-45C2-B3D8-B4B5AACCC6AA}.Release|ARM64.Build.0 = Release|ARM64
		{54A0786F-DD02-45C2-B3D8-B4B5AACCC6AA}.Release|ARM64.Deploy.0 = Release|ARM64
		{54A0786F-DD02-45C2-B3D8-B4B5AACCC6AA}.Release|x64.ActiveCfg = Release|x64
		{54A0786F-DD02-45C2-B3D8-B4B5AACCC6AA}.Release|x64.Build.0 = Release|x64
		{54A0786F-DD02-45C2-B3D8-B4B5AACCC6AA}.Release|x64.Deploy.0 = Release|x64
		{54A0786F-DD02-45C2-B3D8-B4B5AACCC6AA}.Release|x86.ActiveCfg = Release|x86
		{54A0786F-DD02-45C2-B3D8-B4B5AACCC6AA}.Release|x86.Build.0 = Release|x86
		{54A0786F-DD02-45C2-B3D8-B4B5AACCC6AA}.Release|x86.Deploy.0 = Release|x86
	EndGlobalSection
	GlobalSection(SolutionProperties) = preSolution
		HideSolutionNode = FALSE
	EndGlobalSection
	GlobalSection(NestedProjects) = preSolution
		{B7C515BD-1377-46CC-AA06-624A33E4DCCC} = {567FD7EB-7AF6-4FC4-B191-6AAF6839CC2B}
	EndGlobalSection
	GlobalSection(ExtensibilityGlobals) = postSolution
		SolutionGuid = {A31C3909-F79E-42D5-8C67-435E68A2649D}
	EndGlobalSection
EndGlobal
